
Microsoft Visual Studio Solution File, Format Version 11.00
# Visual Studio 2010
Project("{8BC9CEB8-8B4A-11D0-8D11-00A0C91BC942}") = "ShrinkWrap", "ShrinkWrap.vcxproj", "{7D1DB8BE-CE92-4370-9BC7-BC8AA3EA322C}"
EndProject
Global
	GlobalSection(SolutionConfigurationPlatforms) = preSolution
		Debug|Win32 = Debug|Win32
		Release|Win32 = Release|Win32
	EndGlobalSection
	GlobalSection(ProjectConfigurationPlatforms) = postSolution
		{7D1DB8BE-CE92-4370-9BC7-BC8AA3EA322C}.Debug|Win32.ActiveCfg = Debug|Win32
		{7D1DB8BE-CE92-4370-9BC7-BC8AA3EA322C}.Debug|Win32.Build.0 = Debug|Win32
		{7D1DB8BE-CE92-4370-9BC7-BC8AA3EA322C}.Release|Win32.ActiveCfg = Release|Win32
		{7D1DB8BE-CE92-4370-9BC7-BC8AA3EA322C}.Release|Win32.Build.0 = Release|Win32
	EndGlobalSection
	GlobalSection(SolutionProperties) = preSolution
		HideSolutionNode = FALSE
	EndGlobalSection
EndGlobal
